
Microsoft Visual Studio Solution File, Format Version 12.00
# Visual Studio Version 17
VisualStudioVersion = 17.8.34316.72
MinimumVisualStudioVersion = 10.0.40219.1
Project("{9A19103F-16F7-4668-BE54-9A1E7A4F7556}") = "DiffAPI", "DiffAPI.csproj", "{F2C35A4D-4D7A-4778-83DD-68B5F2B21881}"
EndProject
Global
	GlobalSection(SolutionConfigurationPlatforms) = preSolution
		Debug|Any CPU = Debug|Any CPU
		Release|Any CPU = Release|Any CPU
	EndGlobalSection
	GlobalSection(ProjectConfigurationPlatforms) = postSolution
		{F2C35A4D-4D7A-4778-83DD-68B5F2B21881}.Debug|Any CPU.ActiveCfg = Debug|Any CPU
		{F2C35A4D-4D7A-4778-83DD-68B5F2B21881}.Debug|Any CPU.Build.0 = Debug|Any CPU
		{F2C35A4D-4D7A-4778-83DD-68B5F2B21881}.Release|Any CPU.ActiveCfg = Release|Any CPU
		{F2C35A4D-4D7A-4778-83DD-68B5F2B21881}.Release|Any CPU.Build.0 = Release|Any CPU
	EndGlobalSection
	GlobalSection(SolutionProperties) = preSolution
		HideSolutionNode = FALSE
	EndGlobalSection
	GlobalSection(ExtensibilityGlobals) = postSolution
		SolutionGuid = {0705ABEF-6B82-42C1-B353-F81438CD5CB1}
	EndGlobalSection
EndGlobal
